
Microsoft Visual Studio Solution File, Format Version 12.00
# Visual Studio 15
VisualStudioVersion = 15.0.26430.16
MinimumVisualStudioVersion = 10.0.40219.1
Project("{FAE04EC0-301F-11D3-BF4B-00C04F79EFBC}") = "LetterEntry", "LetterEntry\LetterEntry.csproj", "{D1AF13C1-ECC8-435C-B32D-9E06B4E20421}"
EndProject
Project("{54435603-DBB4-11D2-8724-00A0C9A8B90C}") = "GIS-ENTRY", "GIS-ENTRY\GIS-ENTRY.vdproj", "{9142DD15-DBA1-469C-B270-BA530BAEC6C7}"
EndProject
Project("{FAE04EC0-301F-11D3-BF4B-00C04F79EFBC}") = "TestAppWpf", "LetterEntry\TestAppWpf\TestAppWpf.csproj", "{4D85C10D-1DB3-41A0-AD04-EF43DF4F8B56}"
EndProject
Global
	GlobalSection(SolutionConfigurationPlatforms) = preSolution
		Debug|Any CPU = Debug|Any CPU
		Release|Any CPU = Release|Any CPU
	EndGlobalSection
	GlobalSection(ProjectConfigurationPlatforms) = postSolution
		{D1AF13C1-ECC8-435C-B32D-9E06B4E20421}.Debug|Any CPU.ActiveCfg = Debug|Any CPU
		{D1AF13C1-ECC8-435C-B32D-9E06B4E20421}.Debug|Any CPU.Build.0 = Debug|Any CPU
		{D1AF13C1-ECC8-435C-B32D-9E06B4E20421}.Debug|Any CPU.Deploy.0 = Debug|Any CPU
		{D1AF13C1-ECC8-435C-B32D-9E06B4E20421}.Release|Any CPU.ActiveCfg = Release|Any CPU
		{D1AF13C1-ECC8-435C-B32D-9E06B4E20421}.Release|Any CPU.Build.0 = Release|Any CPU
		{9142DD15-DBA1-469C-B270-BA530BAEC6C7}.Debug|Any CPU.ActiveCfg = Debug
		{9142DD15-DBA1-469C-B270-BA530BAEC6C7}.Release|Any CPU.ActiveCfg = Release
		{4D85C10D-1DB3-41A0-AD04-EF43DF4F8B56}.Debug|Any CPU.ActiveCfg = Debug|Any CPU
		{4D85C10D-1DB3-41A0-AD04-EF43DF4F8B56}.Release|Any CPU.ActiveCfg = Release|Any CPU
		{4D85C10D-1DB3-41A0-AD04-EF43DF4F8B56}.Release|Any CPU.Build.0 = Release|Any CPU
	EndGlobalSection
	GlobalSection(SolutionProperties) = preSolution
		HideSolutionNode = FALSE
	EndGlobalSection
EndGlobal
